// !$*UTF8*$!
{
	archiveVersion = 1;
	classes = {
	};
	objectVersion = 50;
	objects = {

/* Begin PBXBuildFile section */
		03E5F2FE238B110800190903 /* AppDelegate.swift in Sources */ = {isa = PBXBuildFile; fileRef = 03E5F2FD238B110800190903 /* AppDelegate.swift */; };
		03E5F300238B110800190903 /* art.scnassets in Resources */ = {isa = PBXBuildFile; fileRef = 03E5F2FF238B110800190903 /* art.scnassets */; };
		03E5F302238B110800190903 /* ViewController.swift in Sources */ = {isa = PBXBuildFile; fileRef = 03E5F301238B110800190903 /* ViewController.swift */; };
		03E5F305238B110800190903 /* Main.storyboard in Resources */ = {isa = PBXBuildFile; fileRef = 03E5F303238B110800190903 /* Main.storyboard */; };
		03E5F307238B110900190903 /* Assets.xcassets in Resources */ = {isa = PBXBuildFile; fileRef = 03E5F306238B110900190903 /* Assets.xcassets */; };
		03E5F30A238B110900190903 /* LaunchScreen.storyboard in Resources */ = {isa = PBXBuildFile; fileRef = 03E5F308238B110900190903 /* LaunchScreen.storyboard */; };
		03E5F315238B110900190903 /* day5_ar_plane_detectionTests.swift in Sources */ = {isa = PBXBuildFile; fileRef = 03E5F314238B110900190903 /* day5_ar_plane_detectionTests.swift */; };
		03E5F320238B110900190903 /* day5_ar_plane_detectionUITests.swift in Sources */ = {isa = PBXBuildFile; fileRef = 03E5F31F238B110900190903 /* day5_ar_plane_detectionUITests.swift */; };
		03E5F32E238B117500190903 /* EarthNode.swift in Sources */ = {isa = PBXBuildFile; fileRef = 03E5F32D238B117500190903 /* EarthNode.swift */; };
/* End PBXBuildFile section */

/* Begin PBXContainerItemProxy section */
		03E5F311238B110900190903 /* PBXContainerItemProxy */ = {
			isa = PBXContainerItemProxy;
			containerPortal = 03E5F2F2238B110800190903 /* Project object */;
			proxyType = 1;
			remoteGlobalIDString = 03E5F2F9238B110800190903;
			remoteInfo = "day5-ar_plane_detection";
		};
		03E5F31C238B110900190903 /* PBXContainerItemProxy */ = {
			isa = PBXContainerItemProxy;
			containerPortal = 03E5F2F2238B110800190903 /* Project object */;
			proxyType = 1;
			remoteGlobalIDString = 03E5F2F9238B110800190903;
			remoteInfo = "day5-ar_plane_detection";
		};
/* End PBXContainerItemProxy section */

/* Begin PBXFileReference section */
		03E5F2FA238B110800190903 /* day5-ar_plane_detection.app */ = {isa = PBXFileReference; explicitFileType = wrapper.application; includeInIndex = 0; path = "day5-ar_plane_detection.app"; sourceTree = BUILT_PRODUCTS_DIR; };
		03E5F2FD238B110800190903 /* AppDelegate.swift */ = {isa = PBXFileReference; lastKnownFileType = sourcecode.swift; path = AppDelegate.swift; sourceTree = "<group>"; };
		03E5F2FF238B110800190903 /* art.scnassets */ = {isa = PBXFileReference; lastKnownFileType = wrapper.scnassets; path = art.scnassets; sourceTree = "<group>"; };
		03E5F301238B110800190903 /* ViewController.swift */ = {isa = PBXFileReference; lastKnownFileType = sourcecode.swift; path = ViewController.swift; sourceTree = "<group>"; };
		03E5F304238B110800190903 /* Base */ = {isa = PBXFileReference; lastKnownFileType = file.storyboard; name = Base; path = Base.lproj/Main.storyboard; sourceTree = "<group>"; };
		03E5F306238B110900190903 /* Assets.xcassets */ = {isa = PBXFileReference; lastKnownFileType = folder.assetcatalog; path = Assets.xcassets; sourceTree = "<group>"; };
		03E5F309238B110900190903 /* Base */ = {isa = PBXFileReference; lastKnownFileType = file.storyboard; name = Base; path = Base.lproj/LaunchScreen.storyboard; sourceTree = "<group>"; };
		03E5F30B238B110900190903 /* Info.plist */ = {isa = PBXFileReference; lastKnownFileType = text.plist.xml; path = Info.plist; sourceTree = "<group>"; };
		03E5F310238B110900190903 /* day5-ar_plane_detectionTests.xctest */ = {isa = PBXFileReference; explicitFileType = wrapper.cfbundle; includeInIndex = 0; path = "day5-ar_plane_detectionTests.xctest"; sourceTree = BUILT_PRODUCTS_DIR; };
		03E5F314238B110900190903 /* day5_ar_plane_detectionTests.swift */ = {isa = PBXFileReference; lastKnownFileType = sourcecode.swift; path = day5_ar_plane_detectionTests.swift; sourceTree = "<group>"; };
		03E5F316238B110900190903 /* Info.plist */ = {isa = PBXFileReference; lastKnownFileType = text.plist.xml; path = Info.plist; sourceTree = "<group>"; };
		03E5F31B238B110900190903 /* day5-ar_plane_detectionUITests.xctest */ = {isa = PBXFileReference; explicitFileType = wrapper.cfbundle; includeInIndex = 0; path = "day5-ar_plane_detectionUITests.xctest"; sourceTree = BUILT_PRODUCTS_DIR; };
		03E5F31F238B110900190903 /* day5_ar_plane_detectionUITests.swift */ = {isa = PBXFileReference; lastKnownFileType = sourcecode.swift; path = day5_ar_plane_detectionUITests.swift; sourceTree = "<group>"; };
		03E5F321238B110900190903 /* Info.plist */ = {isa = PBXFileReference; lastKnownFileType = text.plist.xml; path = Info.plist; sourceTree = "<group>"; };
		03E5F32D238B117500190903 /* EarthNode.swift */ = {isa = PBXFileReference; fileEncoding = 4; lastKnownFileType = sourcecode.swift; path = EarthNode.swift; sourceTree = "<group>"; };
/* End PBXFileReference section */

/* Begin PBXFrameworksBuildPhase section */
		03E5F2F7238B110800190903 /* Frameworks */ = {
			isa = PBXFrameworksBuildPhase;
			buildActionMask = 2147483647;
			files = (
			);
			runOnlyForDeploymentPostprocessing = 0;
		};
		03E5F30D238B110900190903 /* Frameworks */ = {
			isa = PBXFrameworksBuildPhase;
			buildActionMask = 2147483647;
			files = (
			);
			runOnlyForDeploymentPostprocessing = 0;
		};
		03E5F318238B110900190903 /* Frameworks */ = {
			isa = PBXFrameworksBuildPhase;
			buildActionMask = 2147483647;
			files = (
			);
			runOnlyForDeploymentPostprocessing = 0;
		};
/* End PBXFrameworksBuildPhase section */

/* Begin PBXGroup section */
		03E5F2F1238B110800190903 = {
			isa = PBXGroup;
			children = (
				03E5F2FC238B110800190903 /* day5-ar_plane_detection */,
				03E5F313238B110900190903 /* day5-ar_plane_detectionTests */,
				03E5F31E238B110900190903 /* day5-ar_plane_detectionUITests */,
				03E5F2FB238B110800190903 /* Products */,
			);
			sourceTree = "<group>";
		};
		03E5F2FB238B110800190903 /* Products */ = {
			isa = PBXGroup;
			children = (
				03E5F2FA238B110800190903 /* day5-ar_plane_detection.app */,
				03E5F310238B110900190903 /* day5-ar_plane_detectionTests.xctest */,
				03E5F31B238B110900190903 /* day5-ar_plane_detectionUITests.xctest */,
			);
			name = Products;
			sourceTree = "<group>";
		};
		03E5F2FC238B110800190903 /* day5-ar_plane_detection */ = {
			isa = PBXGroup;
			children = (
				03E5F2FD238B110800190903 /* AppDelegate.swift */,
				03E5F32D238B117500190903 /* EarthNode.swift */,
				03E5F2FF238B110800190903 /* art.scnassets */,
				03E5F301238B110800190903 /* ViewController.swift */,
				03E5F303238B110800190903 /* Main.storyboard */,
				03E5F306238B110900190903 /* Assets.xcassets */,
				03E5F308238B110900190903 /* LaunchScreen.storyboard */,
				03E5F30B238B110900190903 /* Info.plist */,
			);
			path = "day5-ar_plane_detection";
			sourceTree = "<group>";
		};
		03E5F313238B110900190903 /* day5-ar_plane_detectionTests */ = {
			isa = PBXGroup;
			children = (
				03E5F314238B110900190903 /* day5_ar_plane_detectionTests.swift */,
				03E5F316238B110900190903 /* Info.plist */,
			);
			path = "day5-ar_plane_detectionTests";
			sourceTree = "<group>";
		};
		03E5F31E238B110900190903 /* day5-ar_plane_detectionUITests */ = {
			isa = PBXGroup;
			children = (
				03E5F31F238B110900190903 /* day5_ar_plane_detectionUITests.swift */,
				03E5F321238B110900190903 /* Info.plist */,
			);
			path = "day5-ar_plane_detectionUITests";
			sourceTree = "<group>";
		};
/* End PBXGroup section */

/* Begin PBXNativeTarget section */
		03E5F2F9238B110800190903 /* day5-ar_plane_detection */ = {
			isa = PBXNativeTarget;
			buildConfigurationList = 03E5F324238B110900190903 /* Build configuration list for PBXNativeTarget "day5-ar_plane_detection" */;
			buildPhases = (
				03E5F2F6238B110800190903 /* Sources */,
				03E5F2F7238B110800190903 /* Frameworks */,
				03E5F2F8238B110800190903 /* Resources */,
			);
			buildRules = (
			);
			dependencies = (
			);
			name = "day5-ar_plane_detection";
			productName = "day5-ar_plane_detection";
			productReference = 03E5F2FA238B110800190903 /* day5-ar_plane_detection.app */;
			productType = "com.apple.product-type.application";
		};
		03E5F30F238B110900190903 /* day5-ar_plane_detectionTests */ = {
			isa = PBXNativeTarget;
			buildConfigurationList = 03E5F327238B110900190903 /* Build configuration list for PBXNativeTarget "day5-ar_plane_detectionTests" */;
			buildPhases = (
				03E5F30C238B110900190903 /* Sources */,
				03E5F30D238B110900190903 /* Frameworks */,
				03E5F30E238B110900190903 /* Resources */,
			);
			buildRules = (
			);
			dependencies = (
				03E5F312238B110900190903 /* PBXTargetDependency */,
			);
			name = "day5-ar_plane_detectionTests";
			productName = "day5-ar_plane_detectionTests";
			productReference = 03E5F310238B110900190903 /* day5-ar_plane_detectionTests.xctest */;
			productType = "com.apple.product-type.bundle.unit-test";
		};
		03E5F31A238B110900190903 /* day5-ar_plane_detectionUITests */ = {
			isa = PBXNativeTarget;
			buildConfigurationList = 03E5F32A238B110900190903 /* Build configuration list for PBXNativeTarget "day5-ar_plane_detectionUITests" */;
			buildPhases = (
				03E5F317238B110900190903 /* Sources */,
				03E5F318238B110900190903 /* Frameworks */,
				03E5F319238B110900190903 /* Resources */,
			);
			buildRules = (
			);
			dependencies = (
				03E5F31D238B110900190903 /* PBXTargetDependency */,
			);
			name = "day5-ar_plane_detectionUITests";
			productName = "day5-ar_plane_detectionUITests";
			productReference = 03E5F31B238B110900190903 /* day5-ar_plane_detectionUITests.xctest */;
			productType = "com.apple.product-type.bundle.ui-testing";
		};
/* End PBXNativeTarget section */

/* Begin PBXProject section */
		03E5F2F2238B110800190903 /* Project object */ = {
			isa = PBXProject;
			attributes = {
				LastSwiftUpdateCheck = 1130;
				LastUpgradeCheck = 1130;
				ORGANIZATIONNAME = "齐典";
				TargetAttributes = {
					03E5F2F9238B110800190903 = {
						CreatedOnToolsVersion = 11.3;
					};
					03E5F30F238B110900190903 = {
						CreatedOnToolsVersion = 11.3;
						TestTargetID = 03E5F2F9238B110800190903;
					};
					03E5F31A238B110900190903 = {
						CreatedOnToolsVersion = 11.3;
						TestTargetID = 03E5F2F9238B110800190903;
					};
				};
			};
			buildConfigurationList = 03E5F2F5238B110800190903 /* Build configuration list for PBXProject "day5-ar_plane_detection" */;
			compatibilityVersion = "Xcode 9.3";
			developmentRegion = en;
			hasScannedForEncodings = 0;
			knownRegions = (
				en,
				Base,
			);
			mainGroup = 03E5F2F1238B110800190903;
			productRefGroup = 03E5F2FB238B110800190903 /* Products */;
			projectDirPath = "";
			projectRoot = "";
			targets = (
				03E5F2F9238B110800190903 /* day5-ar_plane_detection */,
				03E5F30F238B110900190903 /* day5-ar_plane_detectionTests */,
				03E5F31A238B110900190903 /* day5-ar_plane_detectionUITests */,
			);
		};
/* End PBXProject section */

/* Begin PBXResourcesBuildPhase section */
		03E5F2F8238B110800190903 /* Resources */ = {
			isa = PBXResourcesBuildPhase;
			buildActionMask = 2147483647;
			files = (
				03E5F300238B110800190903 /* art.scnassets in Resources */,
				03E5F30A238B110900190903 /* LaunchScreen.storyboard in Resources */,
				03E5F307238B110900190903 /* Assets.xcassets in Resources */,
				03E5F305238B110800190903 /* Main.storyboard in Resources */,
			);
			runOnlyForDeploymentPostprocessing = 0;
		};
		03E5F30E238B110900190903 /* Resources */ = {
			isa = PBXResourcesBuildPhase;
			buildActionMask = 2147483647;
			files = (
			);
			runOnlyForDeploymentPostprocessing = 0;
		};
		03E5F319238B110900190903 /* Resources */ = {
			isa = PBXResourcesBuildPhase;
			buildActionMask = 2147483647;
			files = (
			);
			runOnlyForDeploymentPostprocessing = 0;
		};
/* End PBXResourcesBuildPhase section */

/* Begin PBXSourcesBuildPhase section */
		03E5F2F6238B110800190903 /* Sources */ = {
			isa = PBXSourcesBuildPhase;
			buildActionMask = 2147483647;
			files = (
				03E5F302238B110800190903 /* ViewController.swift in Sources */,
				03E5F32E238B117500190903 /* EarthNode.swift in Sources */,
				03E5F2FE238B110800190903 /* AppDelegate.swift in Sources */,
			);
			runOnlyForDeploymentPostprocessing = 0;
		};
		03E5F30C238B110900190903 /* Sources */ = {
			isa = PBXSourcesBuildPhase;
			buildActionMask = 2147483647;
			files = (
				03E5F315238B110900190903 /* day5_ar_plane_detectionTests.swift in Sources */,
			);
			runOnlyForDeploymentPostprocessing = 0;
		};
		03E5F317238B110900190903 /* Sources */ = {
			isa = PBXSourcesBuildPhase;
			buildActionMask = 2147483647;
			files = (
				03E5F320238B110900190903 /* day5_ar_plane_detectionUITests.swift in Sources */,
			);
			runOnlyForDeploymentPostprocessing = 0;
		};
/* End PBXSourcesBuildPhase section */

/* Begin PBXTargetDependency section */
		03E5F312238B110900190903 /* PBXTargetDependency */ = {
			isa = PBXTargetDependency;
			target = 03E5F2F9238B110800190903 /* day5-ar_plane_detection */;
			targetProxy = 03E5F311238B110900190903 /* PBXContainerItemProxy */;
		};
		03E5F31D238B110900190903 /* PBXTargetDependency */ = {
			isa = PBXTargetDependency;
			target = 03E5F2F9238B110800190903 /* day5-ar_plane_detection */;
			targetProxy = 03E5F31C238B110900190903 /* PBXContainerItemProxy */;
		};
/* End PBXTargetDependency section */

/* Begin PBXVariantGroup section */
		03E5F303238B110800190903 /* Main.storyboard */ = {
			isa = PBXVariantGroup;
			children = (
				03E5F304238B110800190903 /* Base */,
			);
			name = Main.storyboard;
			sourceTree = "<group>";
		};
		03E5F308238B110900190903 /* LaunchScreen.storyboard */ = {
			isa = PBXVariantGroup;
			children = (
				03E5F309238B110900190903 /* Base */,
			);
			name = LaunchScreen.storyboard;
			sourceTree = "<group>";
		};
/* End PBXVariantGroup section */

/* Begin XCBuildConfiguration section */
		03E5F322238B110900190903 /* Debug */ = {
			isa = XCBuildConfiguration;
			buildSettings = {
				ALWAYS_SEARCH_USER_PATHS = NO;
				CLANG_ANALYZER_NONNULL = YES;
				CLANG_ANALYZER_NUMBER_OBJECT_CONVERSION = YES_AGGRESSIVE;
				CLANG_CXX_LANGUAGE_STANDARD = "gnu++14";
				CLANG_CXX_LIBRARY = "libc++";
				CLANG_ENABLE_MODULES = YES;
				CLANG_ENABLE_OBJC_ARC = YES;
				CLANG_ENABLE_OBJC_WEAK = YES;
				CLANG_WARN_BLOCK_CAPTURE_AUTORELEASING = YES;
				CLANG_WARN_BOOL_CONVERSION = YES;
				CLANG_WARN_COMMA = YES;
				CLANG_WARN_CONSTANT_CONVERSION = YES;
				CLANG_WARN_DEPRECATED_OBJC_IMPLEMENTATIONS = YES;
				CLANG_WARN_DIRECT_OBJC_ISA_USAGE = YES_ERROR;
				CLANG_WARN_DOCUMENTATION_COMMENTS = YES;
				CLANG_WARN_EMPTY_BODY = YES;
				CLANG_WARN_ENUM_CONVERSION = YES;
				CLANG_WARN_INFINITE_RECURSION = YES;
				CLANG_WARN_INT_CONVERSION = YES;
				CLANG_WARN_NON_LITERAL_NULL_CONVERSION = YES;
				CLANG_WARN_OBJC_IMPLICIT_RETAIN_SELF = YES;
				CLANG_WARN_OBJC_LITERAL_CONVERSION = YES;
				CLANG_WARN_OBJC_ROOT_CLASS = YES_ERROR;
				CLANG_WARN_RANGE_LOOP_ANALYSIS = YES;
				CLANG_WARN_STRICT_PROTOTYPES = YES;
				CLANG_WARN_SUSPICIOUS_MOVE = YES;
				CLANG_WARN_UNGUARDED_AVAILABILITY = YES_AGGRESSIVE;
				CLANG_WARN_UNREACHABLE_CODE = YES;
				CLANG_WARN__DUPLICATE_METHOD_MATCH = YES;
				COPY_PHASE_STRIP = NO;
				DEBUG_INFORMATION_FORMAT = dwarf;
				ENABLE_STRICT_OBJC_MSGSEND = YES;
				ENABLE_TESTABILITY = YES;
				GCC_C_LANGUAGE_STANDARD = gnu11;
				GCC_DYNAMIC_NO_PIC = NO;
				GCC_NO_COMMON_BLOCKS = YES;
				GCC_OPTIMIZATION_LEVEL = 0;
				GCC_PREPROCESSOR_DEFINITIONS = (
					"DEBUG=1",
					"$(inherited)",
				);
				GCC_WARN_64_TO_32_BIT_CONVERSION = YES;
				GCC_WARN_ABOUT_RETURN_TYPE = YES_ERROR;
				GCC_WARN_UNDECLARED_SELECTOR = YES;
				GCC_WARN_UNINITIALIZED_AUTOS = YES_AGGRESSIVE;
				GCC_WARN_UNUSED_FUNCTION = YES;
				GCC_WARN_UNUSED_VARIABLE = YES;
				IPHONEOS_DEPLOYMENT_TARGET = 13.2;
				MTL_ENABLE_DEBUG_INFO = INCLUDE_SOURCE;
				MTL_FAST_MATH = YES;
				ONLY_ACTIVE_ARCH = YES;
				SDKROOT = iphoneos;
				SWIFT_ACTIVE_COMPILATION_CONDITIONS = DEBUG;
				SWIFT_OPTIMIZATION_LEVEL = "-Onone";
			};
			name = Debug;
		};
		03E5F323238B110900190903 /* Release */ = {
			isa = XCBuildConfiguration;
			buildSettings = {
				ALWAYS_SEARCH_USER_PATHS = NO;
				CLANG_ANALYZER_NONNULL = YES;
				CLANG_ANALYZER_NUMBER_OBJECT_CONVERSION = YES_AGGRESSIVE;
				CLANG_CXX_LANGUAGE_STANDARD = "gnu++14";
				CLANG_CXX_LIBRARY = "libc++";
				CLANG_ENABLE_MODULES = YES;
				CLANG_ENABLE_OBJC_ARC = YES;
				CLANG_ENABLE_OBJC_WEAK = YES;
				CLANG_WARN_BLOCK_CAPTURE_AUTORELEASING = YES;
				CLANG_WARN_BOOL_CONVERSION = YES;
				CLANG_WARN_COMMA = YES;
				CLANG_WARN_CONSTANT_CONVERSION = YES;
				CLANG_WARN_DEPRECATED_OBJC_IMPLEMENTATIONS = YES;
				CLANG_WARN_DIRECT_OBJC_ISA_USAGE = YES_ERROR;
				CLANG_WARN_DOCUMENTATION_COMMENTS = YES;
				CLANG_WARN_EMPTY_BODY = YES;
				CLANG_WARN_ENUM_CONVERSION = YES;
				CLANG_WARN_INFINITE_RECURSION = YES;
				CLANG_WARN_INT_CONVERSION = YES;
				CLANG_WARN_NON_LITERAL_NULL_CONVERSION = YES;
				CLANG_WARN_OBJC_IMPLICIT_RETAIN_SELF = YES;
				CLANG_WARN_OBJC_LITERAL_CONVERSION = YES;
				CLANG_WARN_OBJC_ROOT_CLASS = YES_ERROR;
				CLANG_WARN_RANGE_LOOP_ANALYSIS = YES;
				CLANG_WARN_STRICT_PROTOTYPES = YES;
				CLANG_WARN_SUSPICIOUS_MOVE = YES;
				CLANG_WARN_UNGUARDED_AVAILABILITY = YES_AGGRESSIVE;
				CLANG_WARN_UNREACHABLE_CODE = YES;
				CLANG_WARN__DUPLICATE_METHOD_MATCH = YES;
				COPY_PHASE_STRIP = NO;
				DEBUG_INFORMATION_FORMAT = "dwarf-with-dsym";
				ENABLE_NS_ASSERTIONS = NO;
				ENABLE_STRICT_OBJC_MSGSEND = YES;
				GCC_C_LANGUAGE_STANDARD = gnu11;
				GCC_NO_COMMON_BLOCKS = YES;
				GCC_WARN_64_TO_32_BIT_CONVERSION = YES;
				GCC_WARN_ABOUT_RETURN_TYPE = YES_ERROR;
				GCC_WARN_UNDECLARED_SELECTOR = YES;
				GCC_WARN_UNINITIALIZED_AUTOS = YES_AGGRESSIVE;
				GCC_WARN_UNUSED_FUNCTION = YES;
				GCC_WARN_UNUSED_VARIABLE = YES;
				IPHONEOS_DEPLOYMENT_TARGET = 13.2;
				MTL_ENABLE_DEBUG_INFO = NO;
				MTL_FAST_MATH = YES;
				SDKROOT = iphoneos;
				SWIFT_COMPILATION_MODE = wholemodule;
				SWIFT_OPTIMIZATION_LEVEL = "-O";
				VALIDATE_PRODUCT = YES;
			};
			name = Release;
		};
		03E5F325238B110900190903 /* Debug */ = {
			isa = XCBuildConfiguration;
			buildSettings = {
				ASSETCATALOG_COMPILER_APPICON_NAME = AppIcon;
				CODE_SIGN_STYLE = Automatic;
				DEVELOPMENT_TEAM = FYKM8X2423;
				INFOPLIST_FILE = "day5-ar_plane_detection/Info.plist";
				LD_RUNPATH_SEARCH_PATHS = (
					"$(inherited)",
					"@executable_path/Frameworks",
				);
				PRODUCT_BUNDLE_IDENTIFIER = "com.peerless07.day5-ar-plane-detection";
				PRODUCT_NAME = "$(TARGET_NAME)";
				SWIFT_VERSION = 5.0;
				TARGETED_DEVICE_FAMILY = "1,2";
			};
			name = Debug;
		};
		03E5F326238B110900190903 /* Release */ = {
			isa = XCBuildConfiguration;
			buildSettings = {
				ASSETCATALOG_COMPILER_APPICON_NAME = AppIcon;
				CODE_SIGN_STYLE = Automatic;
				DEVELOPMENT_TEAM = FYKM8X2423;
				INFOPLIST_FILE = "day5-ar_plane_detection/Info.plist";
				LD_RUNPATH_SEARCH_PATHS = (
					"$(inherited)",
					"@executable_path/Frameworks",
				);
				PRODUCT_BUNDLE_IDENTIFIER = "com.peerless07.day5-ar-plane-detection";
				PRODUCT_NAME = "$(TARGET_NAME)";
				SWIFT_VERSION = 5.0;
				TARGETED_DEVICE_FAMILY = "1,2";
			};
			name = Release;
		};
		03E5F328238B110900190903 /* Debug */ = {
			isa = XCBuildConfiguration;
			buildSettings = {
				ALWAYS_EMBED_SWIFT_STANDARD_LIBRARIES = YES;
				BUNDLE_LOADER = "$(TEST_HOST)";
				CODE_SIGN_STYLE = Automatic;
				DEVELOPMENT_TEAM = FYKM8X2423;
				INFOPLIST_FILE = "day5-ar_plane_detectionTests/Info.plist";
				IPHONEOS_DEPLOYMENT_TARGET = 13.2;
				LD_RUNPATH_SEARCH_PATHS = (
					"$(inherited)",
					"@executable_path/Frameworks",
					"@loader_path/Frameworks",
				);
				PRODUCT_BUNDLE_IDENTIFIER = "com.peerless07.day5-ar-plane-detectionTests";
				PRODUCT_NAME = "$(TARGET_NAME)";
				SWIFT_VERSION = 5.0;
				TARGETED_DEVICE_FAMILY = "1,2";
				TEST_HOST = "$(BUILT_PRODUCTS_DIR)/day5-ar_plane_detection.app/day5-ar_plane_detection";
			};
			name = Debug;
		};
		03E5F329238B110900190903 /* Release */ = {
			isa = XCBuildConfiguration;
			buildSettings = {
				ALWAYS_EMBED_SWIFT_STANDARD_LIBRARIES = YES;
				BUNDLE_LOADER = "$(TEST_HOST)";
				CODE_SIGN_STYLE = Automatic;
				DEVELOPMENT_TEAM = FYKM8X2423;
				INFOPLIST_FILE = "day5-ar_plane_detectionTests/Info.plist";
				IPHONEOS_DEPLOYMENT_TARGET = 13.2;
				LD_RUNPATH_SEARCH_PATHS = (
					"$(inherited)",
					"@executable_path/Frameworks",
					"@loader_path/Frameworks",
				);
				PRODUCT_BUNDLE_IDENTIFIER = "com.peerless07.day5-ar-plane-detectionTests";
				PRODUCT_NAME = "$(TARGET_NAME)";
				SWIFT_VERSION = 5.0;
				TARGETED_DEVICE_FAMILY = "1,2";
				TEST_HOST = "$(BUILT_PRODUCTS_DIR)/day5-ar_plane_detection.app/day5-ar_plane_detection";
			};
			name = Release;
		};
		03E5F32B238B110900190903 /* Debug */ = {
			isa = XCBuildConfiguration;
			buildSettings = {
				ALWAYS_EMBED_SWIFT_STANDARD_LIBRARIES = YES;
				CODE_SIGN_STYLE = Automatic;
				DEVELOPMENT_TEAM = FYKM8X2423;
				INFOPLIST_FILE = "day5-ar_plane_detectionUITests/Info.plist";
				LD_RUNPATH_SEARCH_PATHS = (
					"$(inherited)",
					"@executable_path/Frameworks",
					"@loader_path/Frameworks",
				);
				PRODUCT_BUNDLE_IDENTIFIER = "com.peerless07.day5-ar-plane-detectionUITests";
				PRODUCT_NAME = "$(TARGET_NAME)";
				SWIFT_VERSION = 5.0;
				TARGETED_DEVICE_FAMILY = "1,2";
				TEST_TARGET_NAME = "day5-ar_plane_detection";
			};
			name = Debug;
		};
		03E5F32C238B110900190903 /* Release */ = {
			isa = XCBuildConfiguration;
			buildSettings = {
				ALWAYS_EMBED_SWIFT_STANDARD_LIBRARIES = YES;
				CODE_SIGN_STYLE = Automatic;
				DEVELOPMENT_TEAM = FYKM8X2423;
				INFOPLIST_FILE = "day5-ar_plane_detectionUITests/Info.plist";
				LD_RUNPATH_SEARCH_PATHS = (
					"$(inherited)",
					"@executable_path/Frameworks",
					"@loader_path/Frameworks",
				);
				PRODUCT_BUNDLE_IDENTIFIER = "com.peerless07.day5-ar-plane-detectionUITests";
				PRODUCT_NAME = "$(TARGET_NAME)";
				SWIFT_VERSION = 5.0;
				TARGETED_DEVICE_FAMILY = "1,2";
				TEST_TARGET_NAME = "day5-ar_plane_detection";
			};
			name = Release;
		};
/* End XCBuildConfiguration section */

/* Begin XCConfigurationList section */
		03E5F2F5238B110800190903 /* Build configuration list for PBXProject "day5-ar_plane_detection" */ = {
			isa = XCConfigurationList;
			buildConfigurations = (
				03E5F322238B110900190903 /* Debug */,
				03E5F323238B110900190903 /* Release */,
			);
			defaultConfigurationIsVisible = 0;
			defaultConfigurationName = Release;
		};
		03E5F324238B110900190903 /* Build configuration list for PBXNativeTarget "day5-ar_plane_detection" */ = {
			isa = XCConfigurationList;
			buildConfigurations = (
				03E5F325238B110900190903 /* Debug */,
				03E5F326238B110900190903 /* Release */,
			);
			defaultConfigurationIsVisible = 0;
			defaultConfigurationName = Release;
		};
		03E5F327238B110900190903 /* Build configuration list for PBXNativeTarget "day5-ar_plane_detectionTests" */ = {
			isa = XCConfigurationList;
			buildConfigurations = (
				03E5F328238B110900190903 /* Debug */,
				03E5F329238B110900190903 /* Release */,
			);
			defaultConfigurationIsVisible = 0;
			defaultConfigurationName = Release;
		};
		03E5F32A238B110900190903 /* Build configuration list for PBXNativeTarget "day5-ar_plane_detectionUITests" */ = {
			isa = XCConfigurationList;
			buildConfigurations = (
				03E5F32B238B110900190903 /* Debug */,
				03E5F32C238B110900190903 /* Release */,
			);
			defaultConfigurationIsVisible = 0;
			defaultConfigurationName = Release;
		};
/* End XCConfigurationList section */
	};
	rootObject = 03E5F2F2238B110800190903 /* Project object */;
}
